
Microsoft Visual Studio Solution File, Format Version 12.00
# Visual Studio 14
VisualStudioVersion = 14.0.23107.0
MinimumVisualStudioVersion = 10.0.40219.1
Project("{FAE04EC0-301F-11D3-BF4B-00C04F79EFBC}") = "AOC.Problem5", "AOC.Problem5\AOC.Problem5.csproj", "{602B847A-CD9C-4476-8516-B03DE7BA1A90}"
EndProject
Project("{FAE04EC0-301F-11D3-BF4B-00C04F79EFBC}") = "AOC.Problem6", "AOC.Problem6\AOC.Problem6.csproj", "{1092BFE0-93D5-4CD7-98B4-37DC8C006BA3}"
EndProject
Project("{FAE04EC0-301F-11D3-BF4B-00C04F79EFBC}") = "AOC.Problem7", "AOC.Problem7\AOC.Problem7.csproj", "{9166075C-9B17-4A2B-9642-6ED724828DA6}"
EndProject
Project("{FAE04EC0-301F-11D3-BF4B-00C04F79EFBC}") = "AOC.Problem8", "AOC.Problem8\AOC.Problem8.csproj", "{06D10E5B-3A4E-4161-801E-F3ADEBD5360F}"
EndProject
Global
	GlobalSection(SolutionConfigurationPlatforms) = preSolution
		Debug|Any CPU = Debug|Any CPU
		Release|Any CPU = Release|Any CPU
	EndGlobalSection
	GlobalSection(ProjectConfigurationPlatforms) = postSolution
		{602B847A-CD9C-4476-8516-B03DE7BA1A90}.Debug|Any CPU.ActiveCfg = Debug|Any CPU
		{602B847A-CD9C-4476-8516-B03DE7BA1A90}.Debug|Any CPU.Build.0 = Debug|Any CPU
		{602B847A-CD9C-4476-8516-B03DE7BA1A90}.Release|Any CPU.ActiveCfg = Release|Any CPU
		{602B847A-CD9C-4476-8516-B03DE7BA1A90}.Release|Any CPU.Build.0 = Release|Any CPU
		{1092BFE0-93D5-4CD7-98B4-37DC8C006BA3}.Debug|Any CPU.ActiveCfg = Debug|Any CPU
		{1092BFE0-93D5-4CD7-98B4-37DC8C006BA3}.Debug|Any CPU.Build.0 = Debug|Any CPU
		{1092BFE0-93D5-4CD7-98B4-37DC8C006BA3}.Release|Any CPU.ActiveCfg = Release|Any CPU
		{1092BFE0-93D5-4CD7-98B4-37DC8C006BA3}.Release|Any CPU.Build.0 = Release|Any CPU
		{9166075C-9B17-4A2B-9642-6ED724828DA6}.Debug|Any CPU.ActiveCfg = Debug|Any CPU
		{9166075C-9B17-4A2B-9642-6ED724828DA6}.Debug|Any CPU.Build.0 = Debug|Any CPU
		{9166075C-9B17-4A2B-9642-6ED724828DA6}.Release|Any CPU.ActiveCfg = Release|Any CPU
		{9166075C-9B17-4A2B-9642-6ED724828DA6}.Release|Any CPU.Build.0 = Release|Any CPU
		{06D10E5B-3A4E-4161-801E-F3ADEBD5360F}.Debug|Any CPU.ActiveCfg = Debug|Any CPU
		{06D10E5B-3A4E-4161-801E-F3ADEBD5360F}.Debug|Any CPU.Build.0 = Debug|Any CPU
		{06D10E5B-3A4E-4161-801E-F3ADEBD5360F}.Release|Any CPU.ActiveCfg = Release|Any CPU
		{06D10E5B-3A4E-4161-801E-F3ADEBD5360F}.Release|Any CPU.Build.0 = Release|Any CPU
	EndGlobalSection
	GlobalSection(SolutionProperties) = preSolution
		HideSolutionNode = FALSE
	EndGlobalSection
EndGlobal
